
Microsoft Visual Studio Solution File, Format Version 12.00
# Visual Studio 15
VisualStudioVersion = 15.0.27130.2036
MinimumVisualStudioVersion = 10.0.40219.1
Project("{9A19103F-16F7-4668-BE54-9A1E7A4F7556}") = "Soup.Client", "Client\Soup.Client.csproj", "{EF7C9B57-125F-4AA0-877B-9E3521765A0F}"
EndProject
Project("{9A19103F-16F7-4668-BE54-9A1E7A4F7556}") = "Soup.Client.UnitTests", "Client.UnitTests\Soup.Client.UnitTests.csproj", "{AC8FFA23-C362-40A3-968D-E36638FF688A}"
EndProject
Project("{9A19103F-16F7-4668-BE54-9A1E7A4F7556}") = "Soup.TestUtils", "TestUtils\Soup.TestUtils.csproj", "{592DB0A9-DEFF-45F6-BFE0-073A44BD7914}"
EndProject
Project("{9A19103F-16F7-4668-BE54-9A1E7A4F7556}") = "Soup.Core", "Core\Soup.Core.csproj", "{35E219EC-A6E8-4403-823D-6E3DDB5B7C7F}"
EndProject
Project("{9A19103F-16F7-4668-BE54-9A1E7A4F7556}") = "Compiler.GCC", "Compiler\GCC\Compiler.GCC.csproj", "{BA1321B4-6598-4D15-B391-62589BC6950F}"
EndProject
Project("{9A19103F-16F7-4668-BE54-9A1E7A4F7556}") = "Soup.Core.UnitTests", "Core.UnitTests\Soup.Core.UnitTests.csproj", "{63D003E9-A045-4070-845C-BCD40304AFCF}"
EndProject
Project("{9A19103F-16F7-4668-BE54-9A1E7A4F7556}") = "Compiler.MSVC", "Compiler\MSVC\Compiler.MSVC.csproj", "{603AF833-E919-4300-BC75-0996CECC7BEF}"
EndProject
Project("{9A19103F-16F7-4668-BE54-9A1E7A4F7556}") = "Compiler.Clang", "Compiler\Clang\Compiler.Clang.csproj", "{9A1EB1BF-9951-490D-AC9B-3D14178CBFB3}"
EndProject
Project("{9A19103F-16F7-4668-BE54-9A1E7A4F7556}") = "Soup.StaticAnalysis", "StaticAnalysis\Soup.StaticAnalysis.csproj", "{7B57E925-2E17-4C3F-84F9-255020DC34B9}"
EndProject
Project("{9A19103F-16F7-4668-BE54-9A1E7A4F7556}") = "Soup.StaticAnalysis.UnitTests", "StaticAnalysis.UnitTests\Soup.StaticAnalysis.UnitTests.csproj", "{7640A18E-C89E-4733-B3C7-A4654E996194}"
EndProject
Global
	GlobalSection(SolutionConfigurationPlatforms) = preSolution
		Debug|Any CPU = Debug|Any CPU
		Release|Any CPU = Release|Any CPU
	EndGlobalSection
	GlobalSection(ProjectConfigurationPlatforms) = postSolution
		{EF7C9B57-125F-4AA0-877B-9E3521765A0F}.Debug|Any CPU.ActiveCfg = Debug|Any CPU
		{EF7C9B57-125F-4AA0-877B-9E3521765A0F}.Debug|Any CPU.Build.0 = Debug|Any CPU
		{EF7C9B57-125F-4AA0-877B-9E3521765A0F}.Release|Any CPU.ActiveCfg = Release|Any CPU
		{EF7C9B57-125F-4AA0-877B-9E3521765A0F}.Release|Any CPU.Build.0 = Release|Any CPU
		{AC8FFA23-C362-40A3-968D-E36638FF688A}.Debug|Any CPU.ActiveCfg = Debug|Any CPU
		{AC8FFA23-C362-40A3-968D-E36638FF688A}.Debug|Any CPU.Build.0 = Debug|Any CPU
		{AC8FFA23-C362-40A3-968D-E36638FF688A}.Release|Any CPU.ActiveCfg = Release|Any CPU
		{AC8FFA23-C362-40A3-968D-E36638FF688A}.Release|Any CPU.Build.0 = Release|Any CPU
		{592DB0A9-DEFF-45F6-BFE0-073A44BD7914}.Debug|Any CPU.ActiveCfg = Debug|Any CPU
		{592DB0A9-DEFF-45F6-BFE0-073A44BD7914}.Debug|Any CPU.Build.0 = Debug|Any CPU
		{592DB0A9-DEFF-45F6-BFE0-073A44BD7914}.Release|Any CPU.ActiveCfg = Release|Any CPU
		{592DB0A9-DEFF-45F6-BFE0-073A44BD7914}.Release|Any CPU.Build.0 = Release|Any CPU
		{35E219EC-A6E8-4403-823D-6E3DDB5B7C7F}.Debug|Any CPU.ActiveCfg = Debug|Any CPU
		{35E219EC-A6E8-4403-823D-6E3DDB5B7C7F}.Debug|Any CPU.Build.0 = Debug|Any CPU
		{35E219EC-A6E8-4403-823D-6E3DDB5B7C7F}.Release|Any CPU.ActiveCfg = Release|Any CPU
		{35E219EC-A6E8-4403-823D-6E3DDB5B7C7F}.Release|Any CPU.Build.0 = Release|Any CPU
		{BA1321B4-6598-4D15-B391-62589BC6950F}.Debug|Any CPU.ActiveCfg = Debug|Any CPU
		{BA1321B4-6598-4D15-B391-62589BC6950F}.Debug|Any CPU.Build.0 = Debug|Any CPU
		{BA1321B4-6598-4D15-B391-62589BC6950F}.Release|Any CPU.ActiveCfg = Release|Any CPU
		{BA1321B4-6598-4D15-B391-62589BC6950F}.Release|Any CPU.Build.0 = Release|Any CPU
		{63D003E9-A045-4070-845C-BCD40304AFCF}.Debug|Any CPU.ActiveCfg = Debug|Any CPU
		{63D003E9-A045-4070-845C-BCD40304AFCF}.Debug|Any CPU.Build.0 = Debug|Any CPU
		{63D003E9-A045-4070-845C-BCD40304AFCF}.Release|Any CPU.ActiveCfg = Release|Any CPU
		{63D003E9-A045-4070-845C-BCD40304AFCF}.Release|Any CPU.Build.0 = Release|Any CPU
		{603AF833-E919-4300-BC75-0996CECC7BEF}.Debug|Any CPU.ActiveCfg = Debug|Any CPU
		{603AF833-E919-4300-BC75-0996CECC7BEF}.Debug|Any CPU.Build.0 = Debug|Any CPU
		{603AF833-E919-4300-BC75-0996CECC7BEF}.Release|Any CPU.ActiveCfg = Release|Any CPU
		{603AF833-E919-4300-BC75-0996CECC7BEF}.Release|Any CPU.Build.0 = Release|Any CPU
		{9A1EB1BF-9951-490D-AC9B-3D14178CBFB3}.Debug|Any CPU.ActiveCfg = Debug|Any CPU
		{9A1EB1BF-9951-490D-AC9B-3D14178CBFB3}.Debug|Any CPU.Build.0 = Debug|Any CPU
		{9A1EB1BF-9951-490D-AC9B-3D14178CBFB3}.Release|Any CPU.ActiveCfg = Release|Any CPU
		{9A1EB1BF-9951-490D-AC9B-3D14178CBFB3}.Release|Any CPU.Build.0 = Release|Any CPU
		{7B57E925-2E17-4C3F-84F9-255020DC34B9}.Debug|Any CPU.ActiveCfg = Debug|Any CPU
		{7B57E925-2E17-4C3F-84F9-255020DC34B9}.Debug|Any CPU.Build.0 = Debug|Any CPU
		{7B57E925-2E17-4C3F-84F9-255020DC34B9}.Release|Any CPU.ActiveCfg = Release|Any CPU
		{7B57E925-2E17-4C3F-84F9-255020DC34B9}.Release|Any CPU.Build.0 = Release|Any CPU
		{7640A18E-C89E-4733-B3C7-A4654E996194}.Debug|Any CPU.ActiveCfg = Debug|Any CPU
		{7640A18E-C89E-4733-B3C7-A4654E996194}.Debug|Any CPU.Build.0 = Debug|Any CPU
		{7640A18E-C89E-4733-B3C7-A4654E996194}.Release|Any CPU.ActiveCfg = Release|Any CPU
		{7640A18E-C89E-4733-B3C7-A4654E996194}.Release|Any CPU.Build.0 = Release|Any CPU
	EndGlobalSection
	GlobalSection(SolutionProperties) = preSolution
		HideSolutionNode = FALSE
	EndGlobalSection
	GlobalSection(ExtensibilityGlobals) = postSolution
		SolutionGuid = {E12F0E68-630A-4178-9EF5-9C06B771D20B}
	EndGlobalSection
EndGlobal
