
Microsoft Visual Studio Solution File, Format Version 12.00
# Visual Studio 15
VisualStudioVersion = 15.0.27130.2036
MinimumVisualStudioVersion = 10.0.40219.1
Project("{9A19103F-16F7-4668-BE54-9A1E7A4F7556}") = "Soup.Common", "Common\Soup.Common.csproj", "{90CC9B42-1575-41D8-AA55-C40EB3BB6C5F}"
EndProject
Project("{9A19103F-16F7-4668-BE54-9A1E7A4F7556}") = "Soup.MSBuild", "MSBuild\Soup.MSBuild.csproj", "{AC247B53-A9C8-417A-8350-5E87BEC3CEA2}"
EndProject
Project("{9A19103F-16F7-4668-BE54-9A1E7A4F7556}") = "Soup.Client", "Client\Soup.Client.csproj", "{EF7C9B57-125F-4AA0-877B-9E3521765A0F}"
EndProject
Project("{9A19103F-16F7-4668-BE54-9A1E7A4F7556}") = "Soup.Client.UnitTests", "Client.UnitTests\Soup.Client.UnitTests.csproj", "{AC8FFA23-C362-40A3-968D-E36638FF688A}"
EndProject
Project("{9A19103F-16F7-4668-BE54-9A1E7A4F7556}") = "Soup.MSBuild.UnitTests", "MSBuild.UnitTests\Soup.MSBuild.UnitTests.csproj", "{071740B1-D194-4C32-A7BA-676EF66D2E5D}"
EndProject
Project("{9A19103F-16F7-4668-BE54-9A1E7A4F7556}") = "Soup.TestUtils", "TestUtils\Soup.TestUtils.csproj", "{592DB0A9-DEFF-45F6-BFE0-073A44BD7914}"
EndProject
Project("{9A19103F-16F7-4668-BE54-9A1E7A4F7556}") = "Soup.Common.UnitTests", "Common.UnitTests\Soup.Common.UnitTests.csproj", "{B69E4581-5FA1-4BE9-AD88-E12091BFEC02}"
EndProject
Global
	GlobalSection(SolutionConfigurationPlatforms) = preSolution
		Debug|Any CPU = Debug|Any CPU
		Release|Any CPU = Release|Any CPU
	EndGlobalSection
	GlobalSection(ProjectConfigurationPlatforms) = postSolution
		{90CC9B42-1575-41D8-AA55-C40EB3BB6C5F}.Debug|Any CPU.ActiveCfg = Debug|Any CPU
		{90CC9B42-1575-41D8-AA55-C40EB3BB6C5F}.Debug|Any CPU.Build.0 = Debug|Any CPU
		{90CC9B42-1575-41D8-AA55-C40EB3BB6C5F}.Release|Any CPU.ActiveCfg = Release|Any CPU
		{90CC9B42-1575-41D8-AA55-C40EB3BB6C5F}.Release|Any CPU.Build.0 = Release|Any CPU
		{AC247B53-A9C8-417A-8350-5E87BEC3CEA2}.Debug|Any CPU.ActiveCfg = Debug|Any CPU
		{AC247B53-A9C8-417A-8350-5E87BEC3CEA2}.Debug|Any CPU.Build.0 = Debug|Any CPU
		{AC247B53-A9C8-417A-8350-5E87BEC3CEA2}.Release|Any CPU.ActiveCfg = Release|Any CPU
		{AC247B53-A9C8-417A-8350-5E87BEC3CEA2}.Release|Any CPU.Build.0 = Release|Any CPU
		{EF7C9B57-125F-4AA0-877B-9E3521765A0F}.Debug|Any CPU.ActiveCfg = Debug|Any CPU
		{EF7C9B57-125F-4AA0-877B-9E3521765A0F}.Debug|Any CPU.Build.0 = Debug|Any CPU
		{EF7C9B57-125F-4AA0-877B-9E3521765A0F}.Release|Any CPU.ActiveCfg = Release|Any CPU
		{EF7C9B57-125F-4AA0-877B-9E3521765A0F}.Release|Any CPU.Build.0 = Release|Any CPU
		{AC8FFA23-C362-40A3-968D-E36638FF688A}.Debug|Any CPU.ActiveCfg = Debug|Any CPU
		{AC8FFA23-C362-40A3-968D-E36638FF688A}.Debug|Any CPU.Build.0 = Debug|Any CPU
		{AC8FFA23-C362-40A3-968D-E36638FF688A}.Release|Any CPU.ActiveCfg = Release|Any CPU
		{AC8FFA23-C362-40A3-968D-E36638FF688A}.Release|Any CPU.Build.0 = Release|Any CPU
		{071740B1-D194-4C32-A7BA-676EF66D2E5D}.Debug|Any CPU.ActiveCfg = Debug|Any CPU
		{071740B1-D194-4C32-A7BA-676EF66D2E5D}.Debug|Any CPU.Build.0 = Debug|Any CPU
		{071740B1-D194-4C32-A7BA-676EF66D2E5D}.Release|Any CPU.ActiveCfg = Release|Any CPU
		{071740B1-D194-4C32-A7BA-676EF66D2E5D}.Release|Any CPU.Build.0 = Release|Any CPU
		{592DB0A9-DEFF-45F6-BFE0-073A44BD7914}.Debug|Any CPU.ActiveCfg = Debug|Any CPU
		{592DB0A9-DEFF-45F6-BFE0-073A44BD7914}.Debug|Any CPU.Build.0 = Debug|Any CPU
		{592DB0A9-DEFF-45F6-BFE0-073A44BD7914}.Release|Any CPU.ActiveCfg = Release|Any CPU
		{592DB0A9-DEFF-45F6-BFE0-073A44BD7914}.Release|Any CPU.Build.0 = Release|Any CPU
		{B69E4581-5FA1-4BE9-AD88-E12091BFEC02}.Debug|Any CPU.ActiveCfg = Debug|Any CPU
		{B69E4581-5FA1-4BE9-AD88-E12091BFEC02}.Debug|Any CPU.Build.0 = Debug|Any CPU
		{B69E4581-5FA1-4BE9-AD88-E12091BFEC02}.Release|Any CPU.ActiveCfg = Release|Any CPU
		{B69E4581-5FA1-4BE9-AD88-E12091BFEC02}.Release|Any CPU.Build.0 = Release|Any CPU
	EndGlobalSection
	GlobalSection(SolutionProperties) = preSolution
		HideSolutionNode = FALSE
	EndGlobalSection
	GlobalSection(ExtensibilityGlobals) = postSolution
		SolutionGuid = {E12F0E68-630A-4178-9EF5-9C06B771D20B}
	EndGlobalSection
EndGlobal
