
Microsoft Visual Studio Solution File, Format Version 12.00
# Visual Studio 15
VisualStudioVersion = 15.0.27130.2036
MinimumVisualStudioVersion = 10.0.40219.1
Project("{9A19103F-16F7-4668-BE54-9A1E7A4F7556}") = "Soup.Common", "Common\Soup.Common.csproj", "{90CC9B42-1575-41D8-AA55-C40EB3BB6C5F}"
EndProject
Project("{9A19103F-16F7-4668-BE54-9A1E7A4F7556}") = "Soup.MSBuild", "MSBuild\Soup.MSBuild.csproj", "{AC247B53-A9C8-417A-8350-5E87BEC3CEA2}"
EndProject
Project("{9A19103F-16F7-4668-BE54-9A1E7A4F7556}") = "Soup", "Client\Soup.csproj", "{FEF45E50-C349-4292-8E9A-87B0F7CB968F}"
EndProject
Global
	GlobalSection(SolutionConfigurationPlatforms) = preSolution
		Debug|Any CPU = Debug|Any CPU
		Release|Any CPU = Release|Any CPU
	EndGlobalSection
	GlobalSection(ProjectConfigurationPlatforms) = postSolution
		{90CC9B42-1575-41D8-AA55-C40EB3BB6C5F}.Debug|Any CPU.ActiveCfg = Debug|Any CPU
		{90CC9B42-1575-41D8-AA55-C40EB3BB6C5F}.Debug|Any CPU.Build.0 = Debug|Any CPU
		{90CC9B42-1575-41D8-AA55-C40EB3BB6C5F}.Release|Any CPU.ActiveCfg = Release|Any CPU
		{90CC9B42-1575-41D8-AA55-C40EB3BB6C5F}.Release|Any CPU.Build.0 = Release|Any CPU
		{AC247B53-A9C8-417A-8350-5E87BEC3CEA2}.Debug|Any CPU.ActiveCfg = Debug|Any CPU
		{AC247B53-A9C8-417A-8350-5E87BEC3CEA2}.Debug|Any CPU.Build.0 = Debug|Any CPU
		{AC247B53-A9C8-417A-8350-5E87BEC3CEA2}.Release|Any CPU.ActiveCfg = Release|Any CPU
		{AC247B53-A9C8-417A-8350-5E87BEC3CEA2}.Release|Any CPU.Build.0 = Release|Any CPU
		{FEF45E50-C349-4292-8E9A-87B0F7CB968F}.Debug|Any CPU.ActiveCfg = Debug|Any CPU
		{FEF45E50-C349-4292-8E9A-87B0F7CB968F}.Debug|Any CPU.Build.0 = Debug|Any CPU
		{FEF45E50-C349-4292-8E9A-87B0F7CB968F}.Release|Any CPU.ActiveCfg = Release|Any CPU
		{FEF45E50-C349-4292-8E9A-87B0F7CB968F}.Release|Any CPU.Build.0 = Release|Any CPU
	EndGlobalSection
	GlobalSection(SolutionProperties) = preSolution
		HideSolutionNode = FALSE
	EndGlobalSection
	GlobalSection(ExtensibilityGlobals) = postSolution
		SolutionGuid = {E12F0E68-630A-4178-9EF5-9C06B771D20B}
	EndGlobalSection
EndGlobal
